Microsoft Visual Studio Solution File, Format Version 11.00
# Visual Studio 2008

Project("{2CB4D4A3-F8DA-CD62-3FA0-45A44FEBD476}") = "Curve", "Assembly-CSharp.csproj", "{A859C957-A52B-D9E2-D4D8-78E7B2024FCC}"
EndProject
Project("{2CB4D4A3-F8DA-CD62-3FA0-45A44FEBD476}") = "Curve", "Assembly-CSharp-Editor.csproj", "{5A169CEA-78C1-F69C-72F1-3F36653D423B}"
EndProject
Global
	GlobalSection(SolutionConfigurationPlatforms) = preSolution
		Debug|Any CPU = Debug|Any CPU
		Release|Any CPU = Release|Any CPU
	EndGlobalSection
	GlobalSection(ProjectConfigurationPlatforms) = postSolution
		{A859C957-A52B-D9E2-D4D8-78E7B2024FCC}.Debug|Any CPU.ActiveCfg = Debug|Any CPU
		{A859C957-A52B-D9E2-D4D8-78E7B2024FCC}.Debug|Any CPU.Build.0 = Debug|Any CPU
		{A859C957-A52B-D9E2-D4D8-78E7B2024FCC}.Release|Any CPU.ActiveCfg = Release|Any CPU
		{A859C957-A52B-D9E2-D4D8-78E7B2024FCC}.Release|Any CPU.Build.0 = Release|Any CPU
		{5A169CEA-78C1-F69C-72F1-3F36653D423B}.Debug|Any CPU.ActiveCfg = Debug|Any CPU
		{5A169CEA-78C1-F69C-72F1-3F36653D423B}.Debug|Any CPU.Build.0 = Debug|Any CPU
		{5A169CEA-78C1-F69C-72F1-3F36653D423B}.Release|Any CPU.ActiveCfg = Release|Any CPU
		{5A169CEA-78C1-F69C-72F1-3F36653D423B}.Release|Any CPU.Build.0 = Release|Any CPU
	EndGlobalSection
	GlobalSection(SolutionProperties) = preSolution
		HideSolutionNode = FALSE
	EndGlobalSection
	GlobalSection(MonoDevelopProperties) = preSolution
		StartupItem = Assembly-CSharp.csproj
	EndGlobalSection
EndGlobal
